
Microsoft Visual Studio Solution File, Format Version 12.00
# Visual Studio 15
VisualStudioVersion = 15.0.28307.645
MinimumVisualStudioVersion = 10.0.40219.1
Project("{8BC9CEB8-8B4A-11D0-8D11-00A0C91BC942}") = "Survey_knou", "Survey_knou\Survey_knou.vcxproj", "{A42ADD95-764F-41C3-842F-5F8345301A4B}"
EndProject
Global
	GlobalSection(SolutionConfigurationPlatforms) = preSolution
		Debug|x64 = Debug|x64
		Debug|x86 = Debug|x86
		Release|x64 = Release|x64
		Release|x86 = Release|x86
	EndGlobalSection
	GlobalSection(ProjectConfigurationPlatforms) = postSolution
		{A42ADD95-764F-41C3-842F-5F8345301A4B}.Debug|x64.ActiveCfg = Debug|x64
		{A42ADD95-764F-41C3-842F-5F8345301A4B}.Debug|x64.Build.0 = Debug|x64
		{A42ADD95-764F-41C3-842F-5F8345301A4B}.Debug|x86.ActiveCfg = Debug|Win32
		{A42ADD95-764F-41C3-842F-5F8345301A4B}.Debug|x86.Build.0 = Debug|Win32
		{A42ADD95-764F-41C3-842F-5F8345301A4B}.Release|x64.ActiveCfg = Release|x64
		{A42ADD95-764F-41C3-842F-5F8345301A4B}.Release|x64.Build.0 = Release|x64
		{A42ADD95-764F-41C3-842F-5F8345301A4B}.Release|x86.ActiveCfg = Release|Win32
		{A42ADD95-764F-41C3-842F-5F8345301A4B}.Release|x86.Build.0 = Release|Win32
	EndGlobalSection
	GlobalSection(SolutionProperties) = preSolution
		HideSolutionNode = FALSE
	EndGlobalSection
	GlobalSection(ExtensibilityGlobals) = postSolution
		SolutionGuid = {F04E41BC-B3C8-4358-89C7-E1BE5F567BDC}
	EndGlobalSection
EndGlobal
